Microsoft Visual Studio Solution File, Format Version 12.00
# Visual Studio Version 17
VisualStudioVersion = 17.5.2.0
MinimumVisualStudioVersion = 10.0.40219.1
Project("{FAE04EC0-301F-11D3-BF4B-00C04F79EFBC}") = "MonoLib", "MonoLib.csproj", "{1DDD682A-7FE9-EC93-59CA-555664ADC9BF}"
EndProject
Global
	GlobalSection(SolutionConfigurationPlatforms) = preSolution
		Debug|Any CPU = Debug|Any CPU
		Release|Any CPU = Release|Any CPU
	EndGlobalSection
	GlobalSection(ProjectConfigurationPlatforms) = postSolution
		{1DDD682A-7FE9-EC93-59CA-555664ADC9BF}.Debug|Any CPU.ActiveCfg = Debug|Any CPU
		{1DDD682A-7FE9-EC93-59CA-555664ADC9BF}.Debug|Any CPU.Build.0 = Debug|Any CPU
		{1DDD682A-7FE9-EC93-59CA-555664ADC9BF}.Release|Any CPU.ActiveCfg = Release|Any CPU
		{1DDD682A-7FE9-EC93-59CA-555664ADC9BF}.Release|Any CPU.Build.0 = Release|Any CPU
	EndGlobalSection
	GlobalSection(SolutionProperties) = preSolution
		HideSolutionNode = FALSE
	EndGlobalSection
	GlobalSection(ExtensibilityGlobals) = postSolution
		SolutionGuid = {87CF522C-D64F-4065-9ED1-635BB1AF10D1}
	EndGlobalSection
EndGlobal
